
Microsoft Visual Studio Solution File, Format Version 12.00
# Visual Studio 15
VisualStudioVersion = 15.0.28307.489
MinimumVisualStudioVersion = 10.0.40219.1
Project("{8BC9CEB8-8B4A-11D0-8D11-00A0C91BC942}") = "two-sum", "two-sum\two-sum.vcxproj", "{B4020E90-F8FD-4915-8D68-E8C4D8E06B8A}"
EndProject
Project("{8BC9CEB8-8B4A-11D0-8D11-00A0C91BC942}") = "two-sum-test", "two-sum-test\two-sum-test.vcxproj", "{9E4A6908-D50B-4B44-84A7-3431DBD1C2DC}"
EndProject
Project("{8BC9CEB8-8B4A-11D0-8D11-00A0C91BC942}") = "add-two-numbers", "add-two-numbers\add-two-numbers.vcxproj", "{4B65D729-2565-475E-83F8-2B995D94A853}"
EndProject
Project("{8BC9CEB8-8B4A-11D0-8D11-00A0C91BC942}") = "add-two-numbers-test", "add-two-numbers-test\add-two-numbers-test.vcxproj", "{ABAF9521-7123-4BF4-A0DE-61F39DE2294B}"
EndProject
Project("{8BC9CEB8-8B4A-11D0-8D11-00A0C91BC942}") = "longest-substring-without-repeating-characters", "longest-substring-without-repeating-characters\longest-substring-without-repeating-characters.vcxproj", "{B986EF9F-5A18-4BD7-BA29-46C1F43D586E}"
EndProject
Project("{8BC9CEB8-8B4A-11D0-8D11-00A0C91BC942}") = "longest-substring-without-repeating-characters-test", "longest-substring-without-repeating-characters-test\longest-substring-without-repeating-characters-test.vcxproj", "{BED98240-2919-4AD7-9348-01611A4BA5BA}"
EndProject
Global
	GlobalSection(SolutionConfigurationPlatforms) = preSolution
		Debug|x64 = Debug|x64
		Debug|x86 = Debug|x86
		Release|x64 = Release|x64
		Release|x86 = Release|x86
	EndGlobalSection
	GlobalSection(ProjectConfigurationPlatforms) = postSolution
		{B4020E90-F8FD-4915-8D68-E8C4D8E06B8A}.Debug|x64.ActiveCfg = Debug|x64
		{B4020E90-F8FD-4915-8D68-E8C4D8E06B8A}.Debug|x64.Build.0 = Debug|x64
		{B4020E90-F8FD-4915-8D68-E8C4D8E06B8A}.Debug|x86.ActiveCfg = Debug|Win32
		{B4020E90-F8FD-4915-8D68-E8C4D8E06B8A}.Debug|x86.Build.0 = Debug|Win32
		{B4020E90-F8FD-4915-8D68-E8C4D8E06B8A}.Release|x64.ActiveCfg = Release|x64
		{B4020E90-F8FD-4915-8D68-E8C4D8E06B8A}.Release|x64.Build.0 = Release|x64
		{B4020E90-F8FD-4915-8D68-E8C4D8E06B8A}.Release|x86.ActiveCfg = Release|Win32
		{B4020E90-F8FD-4915-8D68-E8C4D8E06B8A}.Release|x86.Build.0 = Release|Win32
		{9E4A6908-D50B-4B44-84A7-3431DBD1C2DC}.Debug|x64.ActiveCfg = Debug|x64
		{9E4A6908-D50B-4B44-84A7-3431DBD1C2DC}.Debug|x64.Build.0 = Debug|x64
		{9E4A6908-D50B-4B44-84A7-3431DBD1C2DC}.Debug|x86.ActiveCfg = Debug|Win32
		{9E4A6908-D50B-4B44-84A7-3431DBD1C2DC}.Debug|x86.Build.0 = Debug|Win32
		{9E4A6908-D50B-4B44-84A7-3431DBD1C2DC}.Release|x64.ActiveCfg = Release|x64
		{9E4A6908-D50B-4B44-84A7-3431DBD1C2DC}.Release|x64.Build.0 = Release|x64
		{9E4A6908-D50B-4B44-84A7-3431DBD1C2DC}.Release|x86.ActiveCfg = Release|Win32
		{9E4A6908-D50B-4B44-84A7-3431DBD1C2DC}.Release|x86.Build.0 = Release|Win32
		{4B65D729-2565-475E-83F8-2B995D94A853}.Debug|x64.ActiveCfg = Debug|x64
		{4B65D729-2565-475E-83F8-2B995D94A853}.Debug|x64.Build.0 = Debug|x64
		{4B65D729-2565-475E-83F8-2B995D94A853}.Debug|x86.ActiveCfg = Debug|Win32
		{4B65D729-2565-475E-83F8-2B995D94A853}.Debug|x86.Build.0 = Debug|Win32
		{4B65D729-2565-475E-83F8-2B995D94A853}.Release|x64.ActiveCfg = Release|x64
		{4B65D729-2565-475E-83F8-2B995D94A853}.Release|x64.Build.0 = Release|x64
		{4B65D729-2565-475E-83F8-2B995D94A853}.Release|x86.ActiveCfg = Release|Win32
		{4B65D729-2565-475E-83F8-2B995D94A853}.Release|x86.Build.0 = Release|Win32
		{ABAF9521-7123-4BF4-A0DE-61F39DE2294B}.Debug|x64.ActiveCfg = Debug|x64
		{ABAF9521-7123-4BF4-A0DE-61F39DE2294B}.Debug|x64.Build.0 = Debug|x64
		{ABAF9521-7123-4BF4-A0DE-61F39DE2294B}.Debug|x86.ActiveCfg = Debug|Win32
		{ABAF9521-7123-4BF4-A0DE-61F39DE2294B}.Debug|x86.Build.0 = Debug|Win32
		{ABAF9521-7123-4BF4-A0DE-61F39DE2294B}.Release|x64.ActiveCfg = Release|x64
		{ABAF9521-7123-4BF4-A0DE-61F39DE2294B}.Release|x64.Build.0 = Release|x64
		{ABAF9521-7123-4BF4-A0DE-61F39DE2294B}.Release|x86.ActiveCfg = Release|Win32
		{ABAF9521-7123-4BF4-A0DE-61F39DE2294B}.Release|x86.Build.0 = Release|Win32
		{B986EF9F-5A18-4BD7-BA29-46C1F43D586E}.Debug|x64.ActiveCfg = Debug|x64
		{B986EF9F-5A18-4BD7-BA29-46C1F43D586E}.Debug|x64.Build.0 = Debug|x64
		{B986EF9F-5A18-4BD7-BA29-46C1F43D586E}.Debug|x86.ActiveCfg = Debug|Win32
		{B986EF9F-5A18-4BD7-BA29-46C1F43D586E}.Debug|x86.Build.0 = Debug|Win32
		{B986EF9F-5A18-4BD7-BA29-46C1F43D586E}.Release|x64.ActiveCfg = Release|x64
		{B986EF9F-5A18-4BD7-BA29-46C1F43D586E}.Release|x64.Build.0 = Release|x64
		{B986EF9F-5A18-4BD7-BA29-46C1F43D586E}.Release|x86.ActiveCfg = Release|Win32
		{B986EF9F-5A18-4BD7-BA29-46C1F43D586E}.Release|x86.Build.0 = Release|Win32
		{BED98240-2919-4AD7-9348-01611A4BA5BA}.Debug|x64.ActiveCfg = Debug|x64
		{BED98240-2919-4AD7-9348-01611A4BA5BA}.Debug|x64.Build.0 = Debug|x64
		{BED98240-2919-4AD7-9348-01611A4BA5BA}.Debug|x86.ActiveCfg = Debug|Win32
		{BED98240-2919-4AD7-9348-01611A4BA5BA}.Debug|x86.Build.0 = Debug|Win32
		{BED98240-2919-4AD7-9348-01611A4BA5BA}.Release|x64.ActiveCfg = Release|x64
		{BED98240-2919-4AD7-9348-01611A4BA5BA}.Release|x64.Build.0 = Release|x64
		{BED98240-2919-4AD7-9348-01611A4BA5BA}.Release|x86.ActiveCfg = Release|Win32
		{BED98240-2919-4AD7-9348-01611A4BA5BA}.Release|x86.Build.0 = Release|Win32
	EndGlobalSection
	GlobalSection(SolutionProperties) = preSolution
		HideSolutionNode = FALSE
	EndGlobalSection
	GlobalSection(ExtensibilityGlobals) = postSolution
		SolutionGuid = {696AC7E7-4044-42D3-8FD1-38BFF18F2AD6}
	EndGlobalSection
EndGlobal
